
Microsoft Visual Studio Solution File, Format Version 12.00
# Visual Studio Version 17
VisualStudioVersion = 17.3.32929.385
MinimumVisualStudioVersion = 10.0.40219.1
Project("{FAE04EC0-301F-11D3-BF4B-00C04F79EFBC}") = "ConsoleApp1", "ConsoleApp1\ConsoleApp1.csproj", "{D0490D01-BABF-42FB-8861-CB94B075A5D3}"
EndProject
Global
	GlobalSection(SolutionConfigurationPlatforms) = preSolution
		Debug|Any CPU = Debug|Any CPU
		Release|Any CPU = Release|Any CPU
	EndGlobalSection
	GlobalSection(ProjectConfigurationPlatforms) = postSolution
		{D0490D01-BABF-42FB-8861-CB94B075A5D3}.Debug|Any CPU.ActiveCfg = Debug|Any CPU
		{D0490D01-BABF-42FB-8861-CB94B075A5D3}.Debug|Any CPU.Build.0 = Debug|Any CPU
		{D0490D01-BABF-42FB-8861-CB94B075A5D3}.Release|Any CPU.ActiveCfg = Release|Any CPU
		{D0490D01-BABF-42FB-8861-CB94B075A5D3}.Release|Any CPU.Build.0 = Release|Any CPU
	EndGlobalSection
	GlobalSection(SolutionProperties) = preSolution
		HideSolutionNode = FALSE
	EndGlobalSection
	GlobalSection(ExtensibilityGlobals) = postSolution
		SolutionGuid = {ECAEE8EB-7040-420E-A12E-B43BC99B26B6}
	EndGlobalSection
EndGlobal
